
Microsoft Visual Studio Solution File, Format Version 12.00
# Visual Studio Version 17
VisualStudioVersion = 17.7.34003.232
MinimumVisualStudioVersion = 10.0.40219.1
Project("{FAE04EC0-301F-11D3-BF4B-00C04F79EFBC}") = "ITEMS_PIKFillRoomFinishingParams", "ITEMS_PIKFillRoomFinishingParams.csproj", "{7E137646-E069-4869-B986-07D9443FA476}"
EndProject
Global
	GlobalSection(SolutionConfigurationPlatforms) = preSolution
		Debug|Any CPU = Debug|Any CPU
		Release|Any CPU = Release|Any CPU
	EndGlobalSection
	GlobalSection(ProjectConfigurationPlatforms) = postSolution
		{7E137646-E069-4869-B986-07D9443FA476}.Debug|Any CPU.ActiveCfg = Debug|Any CPU
		{7E137646-E069-4869-B986-07D9443FA476}.Debug|Any CPU.Build.0 = Debug|Any CPU
		{7E137646-E069-4869-B986-07D9443FA476}.Release|Any CPU.ActiveCfg = Release|Any CPU
		{7E137646-E069-4869-B986-07D9443FA476}.Release|Any CPU.Build.0 = Release|Any CPU
	EndGlobalSection
	GlobalSection(SolutionProperties) = preSolution
		HideSolutionNode = FALSE
	EndGlobalSection
	GlobalSection(ExtensibilityGlobals) = postSolution
		SolutionGuid = {A6A2EAF7-0547-4ACE-8852-59FAC0A650EA}
	EndGlobalSection
EndGlobal
